// !$*UTF8*$!
{
	archiveVersion = 1;
	classes = {
	};
	objectVersion = 46;
	objects = {

/* Begin PBXBuildFile section */
		71176E011E01100B00456BD0 /* main.m in Sources */ = {isa = PBXBuildFile; fileRef = 71176E001E01100B00456BD0 /* main.m */; };
		71176E041E01100B00456BD0 /* AppDelegate.m in Sources */ = {isa = PBXBuildFile; fileRef = 71176E031E01100B00456BD0 /* AppDelegate.m */; };
		71176E071E01100B00456BD0 /* ViewController.m in Sources */ = {isa = PBXBuildFile; fileRef = 71176E061E01100B00456BD0 /* ViewController.m */; };
		71176E0A1E01100B00456BD0 /* Main.storyboard in Resources */ = {isa = PBXBuildFile; fileRef = 71176E081E01100B00456BD0 /* Main.storyboard */; };
		71176E0C1E01100B00456BD0 /* Assets.xcassets in Resources */ = {isa = PBXBuildFile; fileRef = 71176E0B1E01100B00456BD0 /* Assets.xcassets */; };
		71176E0F1E01100B00456BD0 /* LaunchScreen.storyboard in Resources */ = {isa = PBXBuildFile; fileRef = 71176E0D1E01100B00456BD0 /* LaunchScreen.storyboard */; };
		71176E1A1E01100B00456BD0 /* k014c1287_task1_1_3Tests.m in Sources */ = {isa = PBXBuildFile; fileRef = 71176E191E01100B00456BD0 /* k014c1287_task1_1_3Tests.m */; };
		71176E251E01100B00456BD0 /* k014c1287_task1_1_3UITests.m in Sources */ = {isa = PBXBuildFile; fileRef = 71176E241E01100B00456BD0 /* k014c1287_task1_1_3UITests.m */; };
/* End PBXBuildFile section */

/* Begin PBXContainerItemProxy section */
		71176E161E01100B00456BD0 /* PBXContainerItemProxy */ = {
			isa = PBXContainerItemProxy;
			containerPortal = 71176DF41E01100B00456BD0 /* Project object */;
			proxyType = 1;
			remoteGlobalIDString = 71176DFB1E01100B00456BD0;
			remoteInfo = "k014c1287_task1-1-3";
		};
		71176E211E01100B00456BD0 /* PBXContainerItemProxy */ = {
			isa = PBXContainerItemProxy;
			containerPortal = 71176DF41E01100B00456BD0 /* Project object */;
			proxyType = 1;
			remoteGlobalIDString = 71176DFB1E01100B00456BD0;
			remoteInfo = "k014c1287_task1-1-3";
		};
/* End PBXContainerItemProxy section */

/* Begin PBXFileReference section */
		71176DFC1E01100B00456BD0 /* k014c1287_task1-1-3.app */ = {isa = PBXFileReference; explicitFileType = wrapper.application; includeInIndex = 0; path = "k014c1287_task1-1-3.app"; sourceTree = BUILT_PRODUCTS_DIR; };
		71176E001E01100B00456BD0 /* main.m */ = {isa = PBXFileReference; lastKnownFileType = sourcecode.c.objc; path = main.m; sourceTree = "<group>"; };
		71176E021E01100B00456BD0 /* AppDelegate.h */ = {isa = PBXFileReference; lastKnownFileType = sourcecode.c.h; path = AppDelegate.h; sourceTree = "<group>"; };
		71176E031E01100B00456BD0 /* AppDelegate.m */ = {isa = PBXFileReference; lastKnownFileType = sourcecode.c.objc; path = AppDelegate.m; sourceTree = "<group>"; };
		71176E051E01100B00456BD0 /* ViewController.h */ = {isa = PBXFileReference; lastKnownFileType = sourcecode.c.h; path = ViewController.h; sourceTree = "<group>"; };
		71176E061E01100B00456BD0 /* ViewController.m */ = {isa = PBXFileReference; lastKnownFileType = sourcecode.c.objc; path = ViewController.m; sourceTree = "<group>"; };
		71176E091E01100B00456BD0 /* Base */ = {isa = PBXFileReference; lastKnownFileType = file.storyboard; name = Base; path = Base.lproj/Main.storyboard; sourceTree = "<group>"; };
		71176E0B1E01100B00456BD0 /* Assets.xcassets */ = {isa = PBXFileReference; lastKnownFileType = folder.assetcatalog; path = Assets.xcassets; sourceTree = "<group>"; };
		71176E0E1E01100B00456BD0 /* Base */ = {isa = PBXFileReference; lastKnownFileType = file.storyboard; name = Base; path = Base.lproj/LaunchScreen.storyboard; sourceTree = "<group>"; };
		71176E101E01100B00456BD0 /* Info.plist */ = {isa = PBXFileReference; lastKnownFileType = text.plist.xml; path = Info.plist; sourceTree = "<group>"; };
		71176E151E01100B00456BD0 /* k014c1287_task1-1-3Tests.xctest */ = {isa = PBXFileReference; explicitFileType = wrapper.cfbundle; includeInIndex = 0; path = "k014c1287_task1-1-3Tests.xctest"; sourceTree = BUILT_PRODUCTS_DIR; };
		71176E191E01100B00456BD0 /* k014c1287_task1_1_3Tests.m */ = {isa = PBXFileReference; lastKnownFileType = sourcecode.c.objc; path = k014c1287_task1_1_3Tests.m; sourceTree = "<group>"; };
		71176E1B1E01100B00456BD0 /* Info.plist */ = {isa = PBXFileReference; lastKnownFileType = text.plist.xml; path = Info.plist; sourceTree = "<group>"; };
		71176E201E01100B00456BD0 /* k014c1287_task1-1-3UITests.xctest */ = {isa = PBXFileReference; explicitFileType = wrapper.cfbundle; includeInIndex = 0; path = "k014c1287_task1-1-3UITests.xctest"; sourceTree = BUILT_PRODUCTS_DIR; };
		71176E241E01100B00456BD0 /* k014c1287_task1_1_3UITests.m */ = {isa = PBXFileReference; lastKnownFileType = sourcecode.c.objc; path = k014c1287_task1_1_3UITests.m; sourceTree = "<group>"; };
		71176E261E01100B00456BD0 /* Info.plist */ = {isa = PBXFileReference; lastKnownFileType = text.plist.xml; path = Info.plist; sourceTree = "<group>"; };
/* End PBXFileReference section */

/* Begin PBXFrameworksBuildPhase section */
		71176DF91E01100B00456BD0 /* Frameworks */ = {
			isa = PBXFrameworksBuildPhase;
			buildActionMask = 2147483647;
			files = (
			);
			runOnlyForDeploymentPostprocessing = 0;
		};
		71176E121E01100B00456BD0 /* Frameworks */ = {
			isa = PBXFrameworksBuildPhase;
			buildActionMask = 2147483647;
			files = (
			);
			runOnlyForDeploymentPostprocessing = 0;
		};
		71176E1D1E01100B00456BD0 /* Frameworks */ = {
			isa = PBXFrameworksBuildPhase;
			buildActionMask = 2147483647;
			files = (
			);
			runOnlyForDeploymentPostprocessing = 0;
		};
/* End PBXFrameworksBuildPhase section */

/* Begin PBXGroup section */
		71176DF31E01100B00456BD0 = {
			isa = PBXGroup;
			children = (
				71176DFE1E01100B00456BD0 /* k014c1287_task1-1-3 */,
				71176E181E01100B00456BD0 /* k014c1287_task1-1-3Tests */,
				71176E231E01100B00456BD0 /* k014c1287_task1-1-3UITests */,
				71176DFD1E01100B00456BD0 /* Products */,
			);
			sourceTree = "<group>";
		};
		71176DFD1E01100B00456BD0 /* Products */ = {
			isa = PBXGroup;
			children = (
				71176DFC1E01100B00456BD0 /* k014c1287_task1-1-3.app */,
				71176E151E01100B00456BD0 /* k014c1287_task1-1-3Tests.xctest */,
				71176E201E01100B00456BD0 /* k014c1287_task1-1-3UITests.xctest */,
			);
			name = Products;
			sourceTree = "<group>";
		};
		71176DFE1E01100B00456BD0 /* k014c1287_task1-1-3 */ = {
			isa = PBXGroup;
			children = (
				71176E021E01100B00456BD0 /* AppDelegate.h */,
				71176E031E01100B00456BD0 /* AppDelegate.m */,
				71176E051E01100B00456BD0 /* ViewController.h */,
				71176E061E01100B00456BD0 /* ViewController.m */,
				71176E081E01100B00456BD0 /* Main.storyboard */,
				71176E0B1E01100B00456BD0 /* Assets.xcassets */,
				71176E0D1E01100B00456BD0 /* LaunchScreen.storyboard */,
				71176E101E01100B00456BD0 /* Info.plist */,
				71176DFF1E01100B00456BD0 /* Supporting Files */,
			);
			path = "k014c1287_task1-1-3";
			sourceTree = "<group>";
		};
		71176DFF1E01100B00456BD0 /* Supporting Files */ = {
			isa = PBXGroup;
			children = (
				71176E001E01100B00456BD0 /* main.m */,
			);
			name = "Supporting Files";
			sourceTree = "<group>";
		};
		71176E181E01100B00456BD0 /* k014c1287_task1-1-3Tests */ = {
			isa = PBXGroup;
			children = (
				71176E191E01100B00456BD0 /* k014c1287_task1_1_3Tests.m */,
				71176E1B1E01100B00456BD0 /* Info.plist */,
			);
			path = "k014c1287_task1-1-3Tests";
			sourceTree = "<group>";
		};
		71176E231E01100B00456BD0 /* k014c1287_task1-1-3UITests */ = {
			isa = PBXGroup;
			children = (
				71176E241E01100B00456BD0 /* k014c1287_task1_1_3UITests.m */,
				71176E261E01100B00456BD0 /* Info.plist */,
			);
			path = "k014c1287_task1-1-3UITests";
			sourceTree = "<group>";
		};
/* End PBXGroup section */

/* Begin PBXNativeTarget section */
		71176DFB1E01100B00456BD0 /* k014c1287_task1-1-3 */ = {
			isa = PBXNativeTarget;
			buildConfigurationList = 71176E291E01100B00456BD0 /* Build configuration list for PBXNativeTarget "k014c1287_task1-1-3" */;
			buildPhases = (
				71176DF81E01100B00456BD0 /* Sources */,
				71176DF91E01100B00456BD0 /* Frameworks */,
				71176DFA1E01100B00456BD0 /* Resources */,
			);
			buildRules = (
			);
			dependencies = (
			);
			name = "k014c1287_task1-1-3";
			productName = "k014c1287_task1-1-3";
			productReference = 71176DFC1E01100B00456BD0 /* k014c1287_task1-1-3.app */;
			productType = "com.apple.product-type.application";
		};
		71176E141E01100B00456BD0 /* k014c1287_task1-1-3Tests */ = {
			isa = PBXNativeTarget;
			buildConfigurationList = 71176E2C1E01100B00456BD0 /* Build configuration list for PBXNativeTarget "k014c1287_task1-1-3Tests" */;
			buildPhases = (
				71176E111E01100B00456BD0 /* Sources */,
				71176E121E01100B00456BD0 /* Frameworks */,
				71176E131E01100B00456BD0 /* Resources */,
			);
			buildRules = (
			);
			dependencies = (
				71176E171E01100B00456BD0 /* PBXTargetDependency */,
			);
			name = "k014c1287_task1-1-3Tests";
			productName = "k014c1287_task1-1-3Tests";
			productReference = 71176E151E01100B00456BD0 /* k014c1287_task1-1-3Tests.xctest */;
			productType = "com.apple.product-type.bundle.unit-test";
		};
		71176E1F1E01100B00456BD0 /* k014c1287_task1-1-3UITests */ = {
			isa = PBXNativeTarget;
			buildConfigurationList = 71176E2F1E01100B00456BD0 /* Build configuration list for PBXNativeTarget "k014c1287_task1-1-3UITests" */;
			buildPhases = (
				71176E1C1E01100B00456BD0 /* Sources */,
				71176E1D1E01100B00456BD0 /* Frameworks */,
				71176E1E1E01100B00456BD0 /* Resources */,
			);
			buildRules = (
			);
			dependencies = (
				71176E221E01100B00456BD0 /* PBXTargetDependency */,
			);
			name = "k014c1287_task1-1-3UITests";
			productName = "k014c1287_task1-1-3UITests";
			productReference = 71176E201E01100B00456BD0 /* k014c1287_task1-1-3UITests.xctest */;
			productType = "com.apple.product-type.bundle.ui-testing";
		};
/* End PBXNativeTarget section */

/* Begin PBXProject section */
		71176DF41E01100B00456BD0 /* Project object */ = {
			isa = PBXProject;
			attributes = {
				LastUpgradeCheck = 0730;
				ORGANIZATIONNAME = "ITユーザー";
				TargetAttributes = {
					71176DFB1E01100B00456BD0 = {
						CreatedOnToolsVersion = 7.3;
						DevelopmentTeam = 3XZ3Q9C259;
					};
					71176E141E01100B00456BD0 = {
						CreatedOnToolsVersion = 7.3;
						DevelopmentTeam = 3XZ3Q9C259;
						TestTargetID = 71176DFB1E01100B00456BD0;
					};
					71176E1F1E01100B00456BD0 = {
						CreatedOnToolsVersion = 7.3;
						DevelopmentTeam = 3XZ3Q9C259;
						TestTargetID = 71176DFB1E01100B00456BD0;
					};
				};
			};
			buildConfigurationList = 71176DF71E01100B00456BD0 /* Build configuration list for PBXProject "k014c1287_task1-1-3" */;
			compatibilityVersion = "Xcode 3.2";
			developmentRegion = English;
			hasScannedForEncodings = 0;
			knownRegions = (
				en,
				Base,
			);
			mainGroup = 71176DF31E01100B00456BD0;
			productRefGroup = 71176DFD1E01100B00456BD0 /* Products */;
			projectDirPath = "";
			projectRoot = "";
			targets = (
				71176DFB1E01100B00456BD0 /* k014c1287_task1-1-3 */,
				71176E141E01100B00456BD0 /* k014c1287_task1-1-3Tests */,
				71176E1F1E01100B00456BD0 /* k014c1287_task1-1-3UITests */,
			);
		};
/* End PBXProject section */

/* Begin PBXResourcesBuildPhase section */
		71176DFA1E01100B00456BD0 /* Resources */ = {
			isa = PBXResourcesBuildPhase;
			buildActionMask = 2147483647;
			files = (
				71176E0F1E01100B00456BD0 /* LaunchScreen.storyboard in Resources */,
				71176E0C1E01100B00456BD0 /* Assets.xcassets in Resources */,
				71176E0A1E01100B00456BD0 /* Main.storyboard in Resources */,
			);
			runOnlyForDeploymentPostprocessing = 0;
		};
		71176E131E01100B00456BD0 /* Resources */ = {
			isa = PBXResourcesBuildPhase;
			buildActionMask = 2147483647;
			files = (
			);
			runOnlyForDeploymentPostprocessing = 0;
		};
		71176E1E1E01100B00456BD0 /* Resources */ = {
			isa = PBXResourcesBuildPhase;
			buildActionMask = 2147483647;
			files = (
			);
			runOnlyForDeploymentPostprocessing = 0;
		};
/* End PBXResourcesBuildPhase section */

/* Begin PBXSourcesBuildPhase section */
		71176DF81E01100B00456BD0 /* Sources */ = {
			isa = PBXSourcesBuildPhase;
			buildActionMask = 2147483647;
			files = (
				71176E071E01100B00456BD0 /* ViewController.m in Sources */,
				71176E041E01100B00456BD0 /* AppDelegate.m in Sources */,
				71176E011E01100B00456BD0 /* main.m in Sources */,
			);
			runOnlyForDeploymentPostprocessing = 0;
		};
		71176E111E01100B00456BD0 /* Sources */ = {
			isa = PBXSourcesBuildPhase;
			buildActionMask = 2147483647;
			files = (
				71176E1A1E01100B00456BD0 /* k014c1287_task1_1_3Tests.m in Sources */,
			);
			runOnlyForDeploymentPostprocessing = 0;
		};
		71176E1C1E01100B00456BD0 /* Sources */ = {
			isa = PBXSourcesBuildPhase;
			buildActionMask = 2147483647;
			files = (
				71176E251E01100B00456BD0 /* k014c1287_task1_1_3UITests.m in Sources */,
			);
			runOnlyForDeploymentPostprocessing = 0;
		};
/* End PBXSourcesBuildPhase section */

/* Begin PBXTargetDependency section */
		71176E171E01100B00456BD0 /* PBXTargetDependency */ = {
			isa = PBXTargetDependency;
			target = 71176DFB1E01100B00456BD0 /* k014c1287_task1-1-3 */;
			targetProxy = 71176E161E01100B00456BD0 /* PBXContainerItemProxy */;
		};
		71176E221E01100B00456BD0 /* PBXTargetDependency */ = {
			isa = PBXTargetDependency;
			target = 71176DFB1E01100B00456BD0 /* k014c1287_task1-1-3 */;
			targetProxy = 71176E211E01100B00456BD0 /* PBXContainerItemProxy */;
		};
/* End PBXTargetDependency section */

/* Begin PBXVariantGroup section */
		71176E081E01100B00456BD0 /* Main.storyboard */ = {
			isa = PBXVariantGroup;
			children = (
				71176E091E01100B00456BD0 /* Base */,
			);
			name = Main.storyboard;
			sourceTree = "<group>";
		};
		71176E0D1E01100B00456BD0 /* LaunchScreen.storyboard */ = {
			isa = PBXVariantGroup;
			children = (
				71176E0E1E01100B00456BD0 /* Base */,
			);
			name = LaunchScreen.storyboard;
			sourceTree = "<group>";
		};
/* End PBXVariantGroup section */

/* Begin XCBuildConfiguration section */
		71176E271E01100B00456BD0 /* Debug */ = {
			isa = XCBuildConfiguration;
			buildSettings = {
				ALWAYS_SEARCH_USER_PATHS = NO;
				CLANG_ANALYZER_NONNULL = YES;
				CLANG_CXX_LANGUAGE_STANDARD = "gnu++0x";
				CLANG_CXX_LIBRARY = "libc++";
				CLANG_ENABLE_MODULES = YES;
				CLANG_ENABLE_OBJC_ARC = YES;
				CLANG_WARN_BOOL_CONVERSION = YES;
				CLANG_WARN_CONSTANT_CONVERSION = YES;
				CLANG_WARN_DIRECT_OBJC_ISA_USAGE = YES_ERROR;
				CLANG_WARN_EMPTY_BODY = YES;
				CLANG_WARN_ENUM_CONVERSION = YES;
				CLANG_WARN_INT_CONVERSION = YES;
				CLANG_WARN_OBJC_ROOT_CLASS = YES_ERROR;
				CLANG_WARN_UNREACHABLE_CODE = YES;
				CLANG_WARN__DUPLICATE_METHOD_MATCH = YES;
				"CODE_SIGN_IDENTITY[sdk=iphoneos*]" = "iPhone Developer";
				COPY_PHASE_STRIP = NO;
				DEBUG_INFORMATION_FORMAT = dwarf;
				ENABLE_STRICT_OBJC_MSGSEND = YES;
				ENABLE_TESTABILITY = YES;
				GCC_C_LANGUAGE_STANDARD = gnu99;
				GCC_DYNAMIC_NO_PIC = NO;
				GCC_NO_COMMON_BLOCKS = YES;
				GCC_OPTIMIZATION_LEVEL = 0;
				GCC_PREPROCESSOR_DEFINITIONS = (
					"DEBUG=1",
					"$(inherited)",
				);
				GCC_WARN_64_TO_32_BIT_CONVERSION = YES;
				GCC_WARN_ABOUT_RETURN_TYPE = YES_ERROR;
				GCC_WARN_UNDECLARED_SELECTOR = YES;
				GCC_WARN_UNINITIALIZED_AUTOS = YES_AGGRESSIVE;
				GCC_WARN_UNUSED_FUNCTION = YES;
				GCC_WARN_UNUSED_VARIABLE = YES;
				IPHONEOS_DEPLOYMENT_TARGET = 9.3;
				MTL_ENABLE_DEBUG_INFO = YES;
				ONLY_ACTIVE_ARCH = YES;
				SDKROOT = iphoneos;
				TARGETED_DEVICE_FAMILY = "1,2";
			};
			name = Debug;
		};
		71176E281E01100B00456BD0 /* Release */ = {
			isa = XCBuildConfiguration;
			buildSettings = {
				ALWAYS_SEARCH_USER_PATHS = NO;
				CLANG_ANALYZER_NONNULL = YES;
				CLANG_CXX_LANGUAGE_STANDARD = "gnu++0x";
				CLANG_CXX_LIBRARY = "libc++";
				CLANG_ENABLE_MODULES = YES;
				CLANG_ENABLE_OBJC_ARC = YES;
				CLANG_WARN_BOOL_CONVERSION = YES;
				CLANG_WARN_CONSTANT_CONVERSION = YES;
				CLANG_WARN_DIRECT_OBJC_ISA_USAGE = YES_ERROR;
				CLANG_WARN_EMPTY_BODY = YES;
				CLANG_WARN_ENUM_CONVERSION = YES;
				CLANG_WARN_INT_CONVERSION = YES;
				CLANG_WARN_OBJC_ROOT_CLASS = YES_ERROR;
				CLANG_WARN_UNREACHABLE_CODE = YES;
				CLANG_WARN__DUPLICATE_METHOD_MATCH = YES;
				"CODE_SIGN_IDENTITY[sdk=iphoneos*]" = "iPhone Developer";
				COPY_PHASE_STRIP = NO;
				DEBUG_INFORMATION_FORMAT = "dwarf-with-dsym";
				ENABLE_NS_ASSERTIONS = NO;
				ENABLE_STRICT_OBJC_MSGSEND = YES;
				GCC_C_LANGUAGE_STANDARD = gnu99;
				GCC_NO_COMMON_BLOCKS = YES;
				GCC_WARN_64_TO_32_BIT_CONVERSION = YES;
				GCC_WARN_ABOUT_RETURN_TYPE = YES_ERROR;
				GCC_WARN_UNDECLARED_SELECTOR = YES;
				GCC_WARN_UNINITIALIZED_AUTOS = YES_AGGRESSIVE;
				GCC_WARN_UNUSED_FUNCTION = YES;
				GCC_WARN_UNUSED_VARIABLE = YES;
				IPHONEOS_DEPLOYMENT_TARGET = 9.3;
				MTL_ENABLE_DEBUG_INFO = NO;
				SDKROOT = iphoneos;
				TARGETED_DEVICE_FAMILY = "1,2";
				VALIDATE_PRODUCT = YES;
			};
			name = Release;
		};
		71176E2A1E01100B00456BD0 /* Debug */ = {
			isa = XCBuildConfiguration;
			buildSettings = {
				ASSETCATALOG_COMPILER_APPICON_NAME = AppIcon;
				INFOPLIST_FILE = "k014c1287_task1-1-3/Info.plist";
				LD_RUNPATH_SEARCH_PATHS = "$(inherited) @executable_path/Frameworks";
				PRODUCT_BUNDLE_IDENTIFIER = "test.k014c1287-task1-1-3";
				PRODUCT_NAME = "$(TARGET_NAME)";
			};
			name = Debug;
		};
		71176E2B1E01100B00456BD0 /* Release */ = {
			isa = XCBuildConfiguration;
			buildSettings = {
				ASSETCATALOG_COMPILER_APPICON_NAME = AppIcon;
				INFOPLIST_FILE = "k014c1287_task1-1-3/Info.plist";
				LD_RUNPATH_SEARCH_PATHS = "$(inherited) @executable_path/Frameworks";
				PRODUCT_BUNDLE_IDENTIFIER = "test.k014c1287-task1-1-3";
				PRODUCT_NAME = "$(TARGET_NAME)";
			};
			name = Release;
		};
		71176E2D1E01100B00456BD0 /* Debug */ = {
			isa = XCBuildConfiguration;
			buildSettings = {
				BUNDLE_LOADER = "$(TEST_HOST)";
				INFOPLIST_FILE = "k014c1287_task1-1-3Tests/Info.plist";
				LD_RUNPATH_SEARCH_PATHS = "$(inherited) @executable_path/Frameworks @loader_path/Frameworks";
				PRODUCT_BUNDLE_IDENTIFIER = "test.k014c1287-task1-1-3Tests";
				PRODUCT_NAME = "$(TARGET_NAME)";
				TEST_HOST = "$(BUILT_PRODUCTS_DIR)/k014c1287_task1-1-3.app/k014c1287_task1-1-3";
			};
			name = Debug;
		};
		71176E2E1E01100B00456BD0 /* Release */ = {
			isa = XCBuildConfiguration;
			buildSettings = {
				BUNDLE_LOADER = "$(TEST_HOST)";
				INFOPLIST_FILE = "k014c1287_task1-1-3Tests/Info.plist";
				LD_RUNPATH_SEARCH_PATHS = "$(inherited) @executable_path/Frameworks @loader_path/Frameworks";
				PRODUCT_BUNDLE_IDENTIFIER = "test.k014c1287-task1-1-3Tests";
				PRODUCT_NAME = "$(TARGET_NAME)";
				TEST_HOST = "$(BUILT_PRODUCTS_DIR)/k014c1287_task1-1-3.app/k014c1287_task1-1-3";
			};
			name = Release;
		};
		71176E301E01100B00456BD0 /* Debug */ = {
			isa = XCBuildConfiguration;
			buildSettings = {
				INFOPLIST_FILE = "k014c1287_task1-1-3UITests/Info.plist";
				LD_RUNPATH_SEARCH_PATHS = "$(inherited) @executable_path/Frameworks @loader_path/Frameworks";
				PRODUCT_BUNDLE_IDENTIFIER = "test.k014c1287-task1-1-3UITests";
				PRODUCT_NAME = "$(TARGET_NAME)";
				TEST_TARGET_NAME = "k014c1287_task1-1-3";
			};
			name = Debug;
		};
		71176E311E01100B00456BD0 /* Release */ = {
			isa = XCBuildConfiguration;
			buildSettings = {
				INFOPLIST_FILE = "k014c1287_task1-1-3UITests/Info.plist";
				LD_RUNPATH_SEARCH_PATHS = "$(inherited) @executable_path/Frameworks @loader_path/Frameworks";
				PRODUCT_BUNDLE_IDENTIFIER = "test.k014c1287-task1-1-3UITests";
				PRODUCT_NAME = "$(TARGET_NAME)";
				TEST_TARGET_NAME = "k014c1287_task1-1-3";
			};
			name = Release;
		};
/* End XCBuildConfiguration section */

/* Begin XCConfigurationList section */
		71176DF71E01100B00456BD0 /* Build configuration list for PBXProject "k014c1287_task1-1-3" */ = {
			isa = XCConfigurationList;
			buildConfigurations = (
				71176E271E01100B00456BD0 /* Debug */,
				71176E281E01100B00456BD0 /* Release */,
			);
			defaultConfigurationIsVisible = 0;
			defaultConfigurationName = Release;
		};
		71176E291E01100B00456BD0 /* Build configuration list for PBXNativeTarget "k014c1287_task1-1-3" */ = {
			isa = XCConfigurationList;
			buildConfigurations = (
				71176E2A1E01100B00456BD0 /* Debug */,
				71176E2B1E01100B00456BD0 /* Release */,
			);
			defaultConfigurationIsVisible = 0;
		};
		71176E2C1E01100B00456BD0 /* Build configuration list for PBXNativeTarget "k014c1287_task1-1-3Tests" */ = {
			isa = XCConfigurationList;
			buildConfigurations = (
				71176E2D1E01100B00456BD0 /* Debug */,
				71176E2E1E01100B00456BD0 /* Release */,
			);
			defaultConfigurationIsVisible = 0;
		};
		71176E2F1E01100B00456BD0 /* Build configuration list for PBXNativeTarget "k014c1287_task1-1-3UITests" */ = {
			isa = XCConfigurationList;
			buildConfigurations = (
				71176E301E01100B00456BD0 /* Debug */,
				71176E311E01100B00456BD0 /* Release */,
			);
			defaultConfigurationIsVisible = 0;
		};
/* End XCConfigurationList section */
	};
	rootObject = 71176DF41E01100B00456BD0 /* Project object */;
}
